
Microsoft Visual Studio Solution File, Format Version 12.00
# Visual Studio 14
VisualStudioVersion = 14.0.23107.0
MinimumVisualStudioVersion = 10.0.40219.1
Project("{FAE04EC0-301F-11D3-BF4B-00C04F79EFBC}") = "DotLiquid.Mailer.Tests", "DotLiquid.Mailer.Tests\DotLiquid.Mailer.Tests.csproj", "{E4161DA5-ECCB-46D4-B733-E808A9142C6E}"
EndProject
Project("{FAE04EC0-301F-11D3-BF4B-00C04F79EFBC}") = "DotLiquid.Mailer", "DotLiquid.Mailer\DotLiquid.Mailer.csproj", "{CDC7F29B-1DA5-4779-B531-D441A0C19F50}"
EndProject
Global
	GlobalSection(SolutionConfigurationPlatforms) = preSolution
		Debug|Any CPU = Debug|Any CPU
		Release|Any CPU = Release|Any CPU
	EndGlobalSection
	GlobalSection(ProjectConfigurationPlatforms) = postSolution
		{E4161DA5-ECCB-46D4-B733-E808A9142C6E}.Debug|Any CPU.ActiveCfg = Debug|Any CPU
		{E4161DA5-ECCB-46D4-B733-E808A9142C6E}.Debug|Any CPU.Build.0 = Debug|Any CPU
		{E4161DA5-ECCB-46D4-B733-E808A9142C6E}.Release|Any CPU.ActiveCfg = Release|Any CPU
		{E4161DA5-ECCB-46D4-B733-E808A9142C6E}.Release|Any CPU.Build.0 = Release|Any CPU
		{CDC7F29B-1DA5-4779-B531-D441A0C19F50}.Debug|Any CPU.ActiveCfg = Debug|Any CPU
		{CDC7F29B-1DA5-4779-B531-D441A0C19F50}.Debug|Any CPU.Build.0 = Debug|Any CPU
		{CDC7F29B-1DA5-4779-B531-D441A0C19F50}.Release|Any CPU.ActiveCfg = Release|Any CPU
		{CDC7F29B-1DA5-4779-B531-D441A0C19F50}.Release|Any CPU.Build.0 = Release|Any CPU
	EndGlobalSection
	GlobalSection(SolutionProperties) = preSolution
		HideSolutionNode = FALSE
	EndGlobalSection
EndGlobal
